
Microsoft Visual Studio Solution File, Format Version 12.00
# Visual Studio 15
VisualStudioVersion = 15.0.27130.2024
MinimumVisualStudioVersion = 10.0.40219.1
Project("{FAE04EC0-301F-11D3-BF4B-00C04F79EFBC}") = "Lab 10 Gui unit conversion", "Lab 10 Gui unit conversion\Lab 10 Gui unit conversion.csproj", "{156D7B15-5730-4A9F-903E-E45472C5ED40}"
EndProject
Global
	GlobalSection(SolutionConfigurationPlatforms) = preSolution
		Debug|Any CPU = Debug|Any CPU
		Release|Any CPU = Release|Any CPU
	EndGlobalSection
	GlobalSection(ProjectConfigurationPlatforms) = postSolution
		{156D7B15-5730-4A9F-903E-E45472C5ED40}.Debug|Any CPU.ActiveCfg = Debug|Any CPU
		{156D7B15-5730-4A9F-903E-E45472C5ED40}.Debug|Any CPU.Build.0 = Debug|Any CPU
		{156D7B15-5730-4A9F-903E-E45472C5ED40}.Release|Any CPU.ActiveCfg = Release|Any CPU
		{156D7B15-5730-4A9F-903E-E45472C5ED40}.Release|Any CPU.Build.0 = Release|Any CPU
	EndGlobalSection
	GlobalSection(SolutionProperties) = preSolution
		HideSolutionNode = FALSE
	EndGlobalSection
	GlobalSection(ExtensibilityGlobals) = postSolution
		SolutionGuid = {EAF31CD5-39F8-4729-8BEE-7B3E2C6D3F69}
	EndGlobalSection
EndGlobal
